// !$*UTF8*$!
{
	archiveVersion = 1;
	classes = {
	};
	objectVersion = 55;
	objects = {

/* Begin PBXBuildFile section */
		49011A8D28B3212600914D15 /* demo2.c in Sources */ = {isa = PBXBuildFile; fileRef = 49011A8C28B3212600914D15 /* demo2.c */; };
		49011A9028B324E200914D15 /* demo3.c in Sources */ = {isa = PBXBuildFile; fileRef = 49011A8F28B324E200914D15 /* demo3.c */; };
		49011A9328B324FE00914D15 /* demo4.c in Sources */ = {isa = PBXBuildFile; fileRef = 49011A9228B324FE00914D15 /* demo4.c */; };
		493465E228B26B3B0014335F /* demo1.c in Sources */ = {isa = PBXBuildFile; fileRef = 493465E128B26B3B0014335F /* demo1.c */; };
/* End PBXBuildFile section */

/* Begin PBXCopyFilesBuildPhase section */
		493465D428B26B040014335F /* CopyFiles */ = {
			isa = PBXCopyFilesBuildPhase;
			buildActionMask = 2147483647;
			dstPath = /usr/share/man/man1/;
			dstSubfolderSpec = 0;
			files = (
			);
			runOnlyForDeploymentPostprocessing = 1;
		};
/* End PBXCopyFilesBuildPhase section */

/* Begin PBXFileReference section */
		49011A8B28B3212600914D15 /* demo2.h */ = {isa = PBXFileReference; lastKnownFileType = sourcecode.c.h; path = demo2.h; sourceTree = "<group>"; };
		49011A8C28B3212600914D15 /* demo2.c */ = {isa = PBXFileReference; lastKnownFileType = sourcecode.c.c; path = demo2.c; sourceTree = "<group>"; };
		49011A8E28B324E200914D15 /* demo3.h */ = {isa = PBXFileReference; lastKnownFileType = sourcecode.c.h; path = demo3.h; sourceTree = "<group>"; };
		49011A8F28B324E200914D15 /* demo3.c */ = {isa = PBXFileReference; lastKnownFileType = sourcecode.c.c; path = demo3.c; sourceTree = "<group>"; };
		49011A9128B324FE00914D15 /* demo4.h */ = {isa = PBXFileReference; lastKnownFileType = sourcecode.c.h; path = demo4.h; sourceTree = "<group>"; };
		49011A9228B324FE00914D15 /* demo4.c */ = {isa = PBXFileReference; lastKnownFileType = sourcecode.c.c; path = demo4.c; sourceTree = "<group>"; };
		493465D628B26B040014335F /* btvn9 */ = {isa = PBXFileReference; explicitFileType = "compiled.mach-o.executable"; includeInIndex = 0; path = btvn9; sourceTree = BUILT_PRODUCTS_DIR; };
		493465E028B26B3B0014335F /* demo1.h */ = {isa = PBXFileReference; lastKnownFileType = sourcecode.c.h; path = demo1.h; sourceTree = "<group>"; };
		493465E128B26B3B0014335F /* demo1.c */ = {isa = PBXFileReference; lastKnownFileType = sourcecode.c.c; path = demo1.c; sourceTree = "<group>"; };
/* End PBXFileReference section */

/* Begin PBXFrameworksBuildPhase section */
		493465D328B26B040014335F /* Frameworks */ = {
			isa = PBXFrameworksBuildPhase;
			buildActionMask = 2147483647;
			files = (
			);
			runOnlyForDeploymentPostprocessing = 0;
		};
/* End PBXFrameworksBuildPhase section */

/* Begin PBXGroup section */
		493465CD28B26B040014335F = {
			isa = PBXGroup;
			children = (
				493465D828B26B040014335F /* btvn9 */,
				493465D728B26B040014335F /* Products */,
			);
			sourceTree = "<group>";
		};
		493465D728B26B040014335F /* Products */ = {
			isa = PBXGroup;
			children = (
				493465D628B26B040014335F /* btvn9 */,
			);
			name = Products;
			sourceTree = "<group>";
		};
		493465D828B26B040014335F /* btvn9 */ = {
			isa = PBXGroup;
			children = (
				493465E028B26B3B0014335F /* demo1.h */,
				493465E128B26B3B0014335F /* demo1.c */,
				49011A8B28B3212600914D15 /* demo2.h */,
				49011A8C28B3212600914D15 /* demo2.c */,
				49011A8E28B324E200914D15 /* demo3.h */,
				49011A8F28B324E200914D15 /* demo3.c */,
				49011A9128B324FE00914D15 /* demo4.h */,
				49011A9228B324FE00914D15 /* demo4.c */,
			);
			path = btvn9;
			sourceTree = "<group>";
		};
/* End PBXGroup section */

/* Begin PBXNativeTarget section */
		493465D528B26B040014335F /* btvn9 */ = {
			isa = PBXNativeTarget;
			buildConfigurationList = 493465DD28B26B040014335F /* Build configuration list for PBXNativeTarget "btvn9" */;
			buildPhases = (
				493465D228B26B040014335F /* Sources */,
				493465D328B26B040014335F /* Frameworks */,
				493465D428B26B040014335F /* CopyFiles */,
			);
			buildRules = (
			);
			dependencies = (
			);
			name = btvn9;
			productName = btvn9;
			productReference = 493465D628B26B040014335F /* btvn9 */;
			productType = "com.apple.product-type.tool";
		};
/* End PBXNativeTarget section */

/* Begin PBXProject section */
		493465CE28B26B040014335F /* Project object */ = {
			isa = PBXProject;
			attributes = {
				BuildIndependentTargetsInParallel = 1;
				LastUpgradeCheck = 1340;
				TargetAttributes = {
					493465D528B26B040014335F = {
						CreatedOnToolsVersion = 13.4.1;
					};
				};
			};
			buildConfigurationList = 493465D128B26B040014335F /* Build configuration list for PBXProject "btvn9" */;
			compatibilityVersion = "Xcode 13.0";
			developmentRegion = en;
			hasScannedForEncodings = 0;
			knownRegions = (
				en,
				Base,
			);
			mainGroup = 493465CD28B26B040014335F;
			productRefGroup = 493465D728B26B040014335F /* Products */;
			projectDirPath = "";
			projectRoot = "";
			targets = (
				493465D528B26B040014335F /* btvn9 */,
			);
		};
/* End PBXProject section */

/* Begin PBXSourcesBuildPhase section */
		493465D228B26B040014335F /* Sources */ = {
			isa = PBXSourcesBuildPhase;
			buildActionMask = 2147483647;
			files = (
				49011A9028B324E200914D15 /* demo3.c in Sources */,
				49011A9328B324FE00914D15 /* demo4.c in Sources */,
				493465E228B26B3B0014335F /* demo1.c in Sources */,
				49011A8D28B3212600914D15 /* demo2.c in Sources */,
			);
			runOnlyForDeploymentPostprocessing = 0;
		};
/* End PBXSourcesBuildPhase section */

/* Begin XCBuildConfiguration section */
		493465DB28B26B040014335F /* Debug */ = {
			isa = XCBuildConfiguration;
			buildSettings = {
				ALWAYS_SEARCH_USER_PATHS = NO;
				CLANG_ANALYZER_NONNULL = YES;
				CLANG_ANALYZER_NUMBER_OBJECT_CONVERSION = YES_AGGRESSIVE;
				CLANG_CXX_LANGUAGE_STANDARD = "gnu++17";
				CLANG_ENABLE_MODULES = YES;
				CLANG_ENABLE_OBJC_ARC = YES;
				CLANG_ENABLE_OBJC_WEAK = YES;
				CLANG_WARN_BLOCK_CAPTURE_AUTORELEASING = YES;
				CLANG_WARN_BOOL_CONVERSION = YES;
				CLANG_WARN_COMMA = YES;
				CLANG_WARN_CONSTANT_CONVERSION = YES;
				CLANG_WARN_DEPRECATED_OBJC_IMPLEMENTATIONS = YES;
				CLANG_WARN_DIRECT_OBJC_ISA_USAGE = YES_ERROR;
				CLANG_WARN_DOCUMENTATION_COMMENTS = YES;
				CLANG_WARN_EMPTY_BODY = YES;
				CLANG_WARN_ENUM_CONVERSION = YES;
				CLANG_WARN_INFINITE_RECURSION = YES;
				CLANG_WARN_INT_CONVERSION = YES;
				CLANG_WARN_NON_LITERAL_NULL_CONVERSION = YES;
				CLANG_WARN_OBJC_IMPLICIT_RETAIN_SELF = YES;
				CLANG_WARN_OBJC_LITERAL_CONVERSION = YES;
				CLANG_WARN_OBJC_ROOT_CLASS = YES_ERROR;
				CLANG_WARN_QUOTED_INCLUDE_IN_FRAMEWORK_HEADER = YES;
				CLANG_WARN_RANGE_LOOP_ANALYSIS = YES;
				CLANG_WARN_STRICT_PROTOTYPES = YES;
				CLANG_WARN_SUSPICIOUS_MOVE = YES;
				CLANG_WARN_UNGUARDED_AVAILABILITY = YES_AGGRESSIVE;
				CLANG_WARN_UNREACHABLE_CODE = YES;
				CLANG_WARN__DUPLICATE_METHOD_MATCH = YES;
				COPY_PHASE_STRIP = NO;
				DEBUG_INFORMATION_FORMAT = dwarf;
				ENABLE_STRICT_OBJC_MSGSEND = YES;
				ENABLE_TESTABILITY = YES;
				GCC_C_LANGUAGE_STANDARD = gnu11;
				GCC_DYNAMIC_NO_PIC = NO;
				GCC_NO_COMMON_BLOCKS = YES;
				GCC_OPTIMIZATION_LEVEL = 0;
				GCC_PREPROCESSOR_DEFINITIONS = (
					"DEBUG=1",
					"$(inherited)",
				);
				GCC_WARN_64_TO_32_BIT_CONVERSION = YES;
				GCC_WARN_ABOUT_RETURN_TYPE = YES_ERROR;
				GCC_WARN_UNDECLARED_SELECTOR = YES;
				GCC_WARN_UNINITIALIZED_AUTOS = YES_AGGRESSIVE;
				GCC_WARN_UNUSED_FUNCTION = YES;
				GCC_WARN_UNUSED_VARIABLE = YES;
				MACOSX_DEPLOYMENT_TARGET = 12.3;
				MTL_ENABLE_DEBUG_INFO = INCLUDE_SOURCE;
				MTL_FAST_MATH = YES;
				ONLY_ACTIVE_ARCH = YES;
				SDKROOT = macosx;
			};
			name = Debug;
		};
		493465DC28B26B040014335F /* Release */ = {
			isa = XCBuildConfiguration;
			buildSettings = {
				ALWAYS_SEARCH_USER_PATHS = NO;
				CLANG_ANALYZER_NONNULL = YES;
				CLANG_ANALYZER_NUMBER_OBJECT_CONVERSION = YES_AGGRESSIVE;
				CLANG_CXX_LANGUAGE_STANDARD = "gnu++17";
				CLANG_ENABLE_MODULES = YES;
				CLANG_ENABLE_OBJC_ARC = YES;
				CLANG_ENABLE_OBJC_WEAK = YES;
				CLANG_WARN_BLOCK_CAPTURE_AUTORELEASING = YES;
				CLANG_WARN_BOOL_CONVERSION = YES;
				CLANG_WARN_COMMA = YES;
				CLANG_WARN_CONSTANT_CONVERSION = YES;
				CLANG_WARN_DEPRECATED_OBJC_IMPLEMENTATIONS = YES;
				CLANG_WARN_DIRECT_OBJC_ISA_USAGE = YES_ERROR;
				CLANG_WARN_DOCUMENTATION_COMMENTS = YES;
				CLANG_WARN_EMPTY_BODY = YES;
				CLANG_WARN_ENUM_CONVERSION = YES;
				CLANG_WARN_INFINITE_RECURSION = YES;
				CLANG_WARN_INT_CONVERSION = YES;
				CLANG_WARN_NON_LITERAL_NULL_CONVERSION = YES;
				CLANG_WARN_OBJC_IMPLICIT_RETAIN_SELF = YES;
				CLANG_WARN_OBJC_LITERAL_CONVERSION = YES;
				CLANG_WARN_OBJC_ROOT_CLASS = YES_ERROR;
				CLANG_WARN_QUOTED_INCLUDE_IN_FRAMEWORK_HEADER = YES;
				CLANG_WARN_RANGE_LOOP_ANALYSIS = YES;
				CLANG_WARN_STRICT_PROTOTYPES = YES;
				CLANG_WARN_SUSPICIOUS_MOVE = YES;
				CLANG_WARN_UNGUARDED_AVAILABILITY = YES_AGGRESSIVE;
				CLANG_WARN_UNREACHABLE_CODE = YES;
				CLANG_WARN__DUPLICATE_METHOD_MATCH = YES;
				COPY_PHASE_STRIP = NO;
				DEBUG_INFORMATION_FORMAT = "dwarf-with-dsym";
				ENABLE_NS_ASSERTIONS = NO;
				ENABLE_STRICT_OBJC_MSGSEND = YES;
				GCC_C_LANGUAGE_STANDARD = gnu11;
				GCC_NO_COMMON_BLOCKS = YES;
				GCC_WARN_64_TO_32_BIT_CONVERSION = YES;
				GCC_WARN_ABOUT_RETURN_TYPE = YES_ERROR;
				GCC_WARN_UNDECLARED_SELECTOR = YES;
				GCC_WARN_UNINITIALIZED_AUTOS = YES_AGGRESSIVE;
				GCC_WARN_UNUSED_FUNCTION = YES;
				GCC_WARN_UNUSED_VARIABLE = YES;
				MACOSX_DEPLOYMENT_TARGET = 12.3;
				MTL_ENABLE_DEBUG_INFO = NO;
				MTL_FAST_MATH = YES;
				SDKROOT = macosx;
			};
			name = Release;
		};
		493465DE28B26B040014335F /* Debug */ = {
			isa = XCBuildConfiguration;
			buildSettings = {
				CODE_SIGN_STYLE = Automatic;
				PRODUCT_NAME = "$(TARGET_NAME)";
			};
			name = Debug;
		};
		493465DF28B26B040014335F /* Release */ = {
			isa = XCBuildConfiguration;
			buildSettings = {
				CODE_SIGN_STYLE = Automatic;
				PRODUCT_NAME = "$(TARGET_NAME)";
			};
			name = Release;
		};
/* End XCBuildConfiguration section */

/* Begin XCConfigurationList section */
		493465D128B26B040014335F /* Build configuration list for PBXProject "btvn9" */ = {
			isa = XCConfigurationList;
			buildConfigurations = (
				493465DB28B26B040014335F /* Debug */,
				493465DC28B26B040014335F /* Release */,
			);
			defaultConfigurationIsVisible = 0;
			defaultConfigurationName = Release;
		};
		493465DD28B26B040014335F /* Build configuration list for PBXNativeTarget "btvn9" */ = {
			isa = XCConfigurationList;
			buildConfigurations = (
				493465DE28B26B040014335F /* Debug */,
				493465DF28B26B040014335F /* Release */,
			);
			defaultConfigurationIsVisible = 0;
			defaultConfigurationName = Release;
		};
/* End XCConfigurationList section */
	};
	rootObject = 493465CE28B26B040014335F /* Project object */;
}
